// !$*UTF8*$!
{
	archiveVersion = 1;
	classes = {
	};
	objectVersion = 55;
	objects = {

/* Begin PBXBuildFile section */
		33388D5B2825AFEC009DF672 /* BackButton.swift in Sources */ = {isa = PBXBuildFile; fileRef = 33388D5A2825AFEC009DF672 /* BackButton.swift */; };
		333CB97028613794001606D0 /* ARViewContainer.swift in Sources */ = {isa = PBXBuildFile; fileRef = 333CB96F28613794001606D0 /* ARViewContainer.swift */; };
		33954E952863DB8100FFA854 /* dalton.scn in Resources */ = {isa = PBXBuildFile; fileRef = 33954E942863DB8100FFA854 /* dalton.scn */; };
		33D492E3286A7DD800FC8CC1 /* thomson.scn in Resources */ = {isa = PBXBuildFile; fileRef = 33D492E2286A7DD800FC8CC1 /* thomson.scn */; };
		33D492E7286A7EC100FC8CC1 /* rutherford.scn in Resources */ = {isa = PBXBuildFile; fileRef = 33D492E6286A7EC100FC8CC1 /* rutherford.scn */; };
		33D492EB286A7F4D00FC8CC1 /* bohr.scn in Resources */ = {isa = PBXBuildFile; fileRef = 33D492EA286A7F4D00FC8CC1 /* bohr.scn */; };
		33D492EF286A800200FC8CC1 /* atomicStructure.scn in Resources */ = {isa = PBXBuildFile; fileRef = 33D492EE286A800200FC8CC1 /* atomicStructure.scn */; };
		33F0B4122821A231004098AF /* 3DchemApp.swift in Sources */ = {isa = PBXBuildFile; fileRef = 33F0B4112821A231004098AF /* 3DchemApp.swift */; };
		33F0B4142821A231004098AF /* TableView.swift in Sources */ = {isa = PBXBuildFile; fileRef = 33F0B4132821A231004098AF /* TableView.swift */; };
		33F0B4162821A234004098AF /* Assets.xcassets in Resources */ = {isa = PBXBuildFile; fileRef = 33F0B4152821A234004098AF /* Assets.xcassets */; };
		33F0B4192821A234004098AF /* Preview Assets.xcassets in Resources */ = {isa = PBXBuildFile; fileRef = 33F0B4182821A234004098AF /* Preview Assets.xcassets */; };
		33F0B4232821A235004098AF /* 3DchemTests.swift in Sources */ = {isa = PBXBuildFile; fileRef = 33F0B4222821A235004098AF /* 3DchemTests.swift */; };
		33F0B42D2821A235004098AF /* 3DchemUITests.swift in Sources */ = {isa = PBXBuildFile; fileRef = 33F0B42C2821A235004098AF /* 3DchemUITests.swift */; };
		33F0B42F2821A235004098AF /* 3DchemUITestsLaunchTests.swift in Sources */ = {isa = PBXBuildFile; fileRef = 33F0B42E2821A235004098AF /* 3DchemUITestsLaunchTests.swift */; };
		33F0B43D2821A8C1004098AF /* TableViewRow.swift in Sources */ = {isa = PBXBuildFile; fileRef = 33F0B43C2821A8C1004098AF /* TableViewRow.swift */; };
		33F0B4402821B30A004098AF /* Subject.swift in Sources */ = {isa = PBXBuildFile; fileRef = 33F0B43F2821B30A004098AF /* Subject.swift */; };
		33F0B4432821BE66004098AF /* SubjectView.swift in Sources */ = {isa = PBXBuildFile; fileRef = 33F0B4422821BE66004098AF /* SubjectView.swift */; };
		33F0B4672824471C004098AF /* data.json in Resources */ = {isa = PBXBuildFile; fileRef = 33F0B4662824471C004098AF /* data.json */; };
		33F0B46A28244DF9004098AF /* SubjectViewModel.swift in Sources */ = {isa = PBXBuildFile; fileRef = 33F0B46928244DF9004098AF /* SubjectViewModel.swift */; };
/* End PBXBuildFile section */

/* Begin PBXContainerItemProxy section */
		33F0B41F2821A235004098AF /* PBXContainerItemProxy */ = {
			isa = PBXContainerItemProxy;
			containerPortal = 33F0B4062821A230004098AF /* Project object */;
			proxyType = 1;
			remoteGlobalIDString = 33F0B40D2821A230004098AF;
			remoteInfo = 3Dchem;
		};
		33F0B4292821A235004098AF /* PBXContainerItemProxy */ = {
			isa = PBXContainerItemProxy;
			containerPortal = 33F0B4062821A230004098AF /* Project object */;
			proxyType = 1;
			remoteGlobalIDString = 33F0B40D2821A230004098AF;
			remoteInfo = 3Dchem;
		};
/* End PBXContainerItemProxy section */

/* Begin PBXFileReference section */
		33388D5A2825AFEC009DF672 /* BackButton.swift */ = {isa = PBXFileReference; lastKnownFileType = sourcecode.swift; path = BackButton.swift; sourceTree = "<group>"; };
		333CB96F28613794001606D0 /* ARViewContainer.swift */ = {isa = PBXFileReference; lastKnownFileType = sourcecode.swift; path = ARViewContainer.swift; sourceTree = "<group>"; };
		33954E942863DB8100FFA854 /* dalton.scn */ = {isa = PBXFileReference; lastKnownFileType = file.bplist; path = dalton.scn; sourceTree = "<group>"; };
		33D492E2286A7DD800FC8CC1 /* thomson.scn */ = {isa = PBXFileReference; lastKnownFileType = file.bplist; path = thomson.scn; sourceTree = "<group>"; };
		33D492E6286A7EC100FC8CC1 /* rutherford.scn */ = {isa = PBXFileReference; lastKnownFileType = file.bplist; path = rutherford.scn; sourceTree = "<group>"; };
		33D492EA286A7F4D00FC8CC1 /* bohr.scn */ = {isa = PBXFileReference; lastKnownFileType = file.bplist; path = bohr.scn; sourceTree = "<group>"; };
		33D492EE286A800200FC8CC1 /* atomicStructure.scn */ = {isa = PBXFileReference; lastKnownFileType = file.bplist; path = atomicStructure.scn; sourceTree = "<group>"; };
		33F0B40E2821A231004098AF /* 3Dchem.app */ = {isa = PBXFileReference; explicitFileType = wrapper.application; includeInIndex = 0; path = 3Dchem.app; sourceTree = BUILT_PRODUCTS_DIR; };
		33F0B4112821A231004098AF /* 3DchemApp.swift */ = {isa = PBXFileReference; lastKnownFileType = sourcecode.swift; path = 3DchemApp.swift; sourceTree = "<group>"; };
		33F0B4132821A231004098AF /* TableView.swift */ = {isa = PBXFileReference; lastKnownFileType = sourcecode.swift; path = TableView.swift; sourceTree = "<group>"; };
		33F0B4152821A234004098AF /* Assets.xcassets */ = {isa = PBXFileReference; lastKnownFileType = folder.assetcatalog; path = Assets.xcassets; sourceTree = "<group>"; };
		33F0B4182821A234004098AF /* Preview Assets.xcassets */ = {isa = PBXFileReference; lastKnownFileType = folder.assetcatalog; path = "Preview Assets.xcassets"; sourceTree = "<group>"; };
		33F0B41E2821A235004098AF /* 3DchemTests.xctest */ = {isa = PBXFileReference; explicitFileType = wrapper.cfbundle; includeInIndex = 0; path = 3DchemTests.xctest; sourceTree = BUILT_PRODUCTS_DIR; };
		33F0B4222821A235004098AF /* 3DchemTests.swift */ = {isa = PBXFileReference; lastKnownFileType = sourcecode.swift; path = 3DchemTests.swift; sourceTree = "<group>"; };
		33F0B4282821A235004098AF /* 3DchemUITests.xctest */ = {isa = PBXFileReference; explicitFileType = wrapper.cfbundle; includeInIndex = 0; path = 3DchemUITests.xctest; sourceTree = BUILT_PRODUCTS_DIR; };
		33F0B42C2821A235004098AF /* 3DchemUITests.swift */ = {isa = PBXFileReference; lastKnownFileType = sourcecode.swift; path = 3DchemUITests.swift; sourceTree = "<group>"; };
		33F0B42E2821A235004098AF /* 3DchemUITestsLaunchTests.swift */ = {isa = PBXFileReference; lastKnownFileType = sourcecode.swift; path = 3DchemUITestsLaunchTests.swift; sourceTree = "<group>"; };
		33F0B43C2821A8C1004098AF /* TableViewRow.swift */ = {isa = PBXFileReference; lastKnownFileType = sourcecode.swift; path = TableViewRow.swift; sourceTree = "<group>"; };
		33F0B43F2821B30A004098AF /* Subject.swift */ = {isa = PBXFileReference; lastKnownFileType = sourcecode.swift; path = Subject.swift; sourceTree = "<group>"; };
		33F0B4422821BE66004098AF /* SubjectView.swift */ = {isa = PBXFileReference; lastKnownFileType = sourcecode.swift; path = SubjectView.swift; sourceTree = "<group>"; };
		33F0B4662824471C004098AF /* data.json */ = {isa = PBXFileReference; fileEncoding = 4; lastKnownFileType = text.json; path = data.json; sourceTree = "<group>"; };
		33F0B46928244DF9004098AF /* SubjectViewModel.swift */ = {isa = PBXFileReference; lastKnownFileType = sourcecode.swift; path = SubjectViewModel.swift; sourceTree = "<group>"; };
/* End PBXFileReference section */

/* Begin PBXFrameworksBuildPhase section */
		33F0B40B2821A230004098AF /* Frameworks */ = {
			isa = PBXFrameworksBuildPhase;
			buildActionMask = 2147483647;
			files = (
			);
			runOnlyForDeploymentPostprocessing = 0;
		};
		33F0B41B2821A235004098AF /* Frameworks */ = {
			isa = PBXFrameworksBuildPhase;
			buildActionMask = 2147483647;
			files = (
			);
			runOnlyForDeploymentPostprocessing = 0;
		};
		33F0B4252821A235004098AF /* Frameworks */ = {
			isa = PBXFrameworksBuildPhase;
			buildActionMask = 2147483647;
			files = (
			);
			runOnlyForDeploymentPostprocessing = 0;
		};
/* End PBXFrameworksBuildPhase section */

/* Begin PBXGroup section */
		333DC181286A7C5B008AE56B /* SCNAssets */ = {
			isa = PBXGroup;
			children = (
				33D492EE286A800200FC8CC1 /* atomicStructure.scn */,
				33D492EA286A7F4D00FC8CC1 /* bohr.scn */,
				33D492E6286A7EC100FC8CC1 /* rutherford.scn */,
				33D492E2286A7DD800FC8CC1 /* thomson.scn */,
				33954E942863DB8100FFA854 /* dalton.scn */,
			);
			path = SCNAssets;
			sourceTree = "<group>";
		};
		33954E8D2863D99500FFA854 /* Shared */ = {
			isa = PBXGroup;
			children = (
				333DC181286A7C5B008AE56B /* SCNAssets */,
				33F0B4152821A234004098AF /* Assets.xcassets */,
				33F0B4112821A231004098AF /* 3DchemApp.swift */,
				33F0B4662824471C004098AF /* data.json */,
			);
			path = Shared;
			sourceTree = "<group>";
		};
		33F0B4052821A230004098AF = {
			isa = PBXGroup;
			children = (
				33F0B4102821A231004098AF /* 3Dchem */,
				33F0B4212821A235004098AF /* 3DchemTests */,
				33F0B42B2821A235004098AF /* 3DchemUITests */,
				33F0B40F2821A231004098AF /* Products */,
			);
			sourceTree = "<group>";
		};
		33F0B40F2821A231004098AF /* Products */ = {
			isa = PBXGroup;
			children = (
				33F0B40E2821A231004098AF /* 3Dchem.app */,
				33F0B41E2821A235004098AF /* 3DchemTests.xctest */,
				33F0B4282821A235004098AF /* 3DchemUITests.xctest */,
			);
			name = Products;
			sourceTree = "<group>";
		};
		33F0B4102821A231004098AF /* 3Dchem */ = {
			isa = PBXGroup;
			children = (
				33954E8D2863D99500FFA854 /* Shared */,
				33F0B4412821BE05004098AF /* Views */,
				33F0B43E2821B2F7004098AF /* Model */,
				33F0B46828244D64004098AF /* ViewModel */,
				33F0B4172821A234004098AF /* Preview Content */,
			);
			path = 3Dchem;
			sourceTree = "<group>";
		};
		33F0B4172821A234004098AF /* Preview Content */ = {
			isa = PBXGroup;
			children = (
				33F0B4182821A234004098AF /* Preview Assets.xcassets */,
			);
			path = "Preview Content";
			sourceTree = "<group>";
		};
		33F0B4212821A235004098AF /* 3DchemTests */ = {
			isa = PBXGroup;
			children = (
				33F0B4222821A235004098AF /* 3DchemTests.swift */,
			);
			path = 3DchemTests;
			sourceTree = "<group>";
		};
		33F0B42B2821A235004098AF /* 3DchemUITests */ = {
			isa = PBXGroup;
			children = (
				33F0B42C2821A235004098AF /* 3DchemUITests.swift */,
				33F0B42E2821A235004098AF /* 3DchemUITestsLaunchTests.swift */,
			);
			path = 3DchemUITests;
			sourceTree = "<group>";
		};
		33F0B43E2821B2F7004098AF /* Model */ = {
			isa = PBXGroup;
			children = (
				33F0B43F2821B30A004098AF /* Subject.swift */,
			);
			path = Model;
			sourceTree = "<group>";
		};
		33F0B4412821BE05004098AF /* Views */ = {
			isa = PBXGroup;
			children = (
				33F0B4132821A231004098AF /* TableView.swift */,
				33F0B43C2821A8C1004098AF /* TableViewRow.swift */,
				33F0B4422821BE66004098AF /* SubjectView.swift */,
				33388D5A2825AFEC009DF672 /* BackButton.swift */,
				333CB96F28613794001606D0 /* ARViewContainer.swift */,
			);
			path = Views;
			sourceTree = "<group>";
		};
		33F0B46828244D64004098AF /* ViewModel */ = {
			isa = PBXGroup;
			children = (
				33F0B46928244DF9004098AF /* SubjectViewModel.swift */,
			);
			path = ViewModel;
			sourceTree = "<group>";
		};
/* End PBXGroup section */

/* Begin PBXNativeTarget section */
		33F0B40D2821A230004098AF /* 3Dchem */ = {
			isa = PBXNativeTarget;
			buildConfigurationList = 33F0B4322821A235004098AF /* Build configuration list for PBXNativeTarget "3Dchem" */;
			buildPhases = (
				33F0B40A2821A230004098AF /* Sources */,
				33F0B40B2821A230004098AF /* Frameworks */,
				33F0B40C2821A230004098AF /* Resources */,
			);
			buildRules = (
			);
			dependencies = (
			);
			name = 3Dchem;
			productName = 3Dchem;
			productReference = 33F0B40E2821A231004098AF /* 3Dchem.app */;
			productType = "com.apple.product-type.application";
		};
		33F0B41D2821A235004098AF /* 3DchemTests */ = {
			isa = PBXNativeTarget;
			buildConfigurationList = 33F0B4352821A235004098AF /* Build configuration list for PBXNativeTarget "3DchemTests" */;
			buildPhases = (
				33F0B41A2821A235004098AF /* Sources */,
				33F0B41B2821A235004098AF /* Frameworks */,
				33F0B41C2821A235004098AF /* Resources */,
			);
			buildRules = (
			);
			dependencies = (
				33F0B4202821A235004098AF /* PBXTargetDependency */,
			);
			name = 3DchemTests;
			productName = 3DchemTests;
			productReference = 33F0B41E2821A235004098AF /* 3DchemTests.xctest */;
			productType = "com.apple.product-type.bundle.unit-test";
		};
		33F0B4272821A235004098AF /* 3DchemUITests */ = {
			isa = PBXNativeTarget;
			buildConfigurationList = 33F0B4382821A235004098AF /* Build configuration list for PBXNativeTarget "3DchemUITests" */;
			buildPhases = (
				33F0B4242821A235004098AF /* Sources */,
				33F0B4252821A235004098AF /* Frameworks */,
				33F0B4262821A235004098AF /* Resources */,
			);
			buildRules = (
			);
			dependencies = (
				33F0B42A2821A235004098AF /* PBXTargetDependency */,
			);
			name = 3DchemUITests;
			productName = 3DchemUITests;
			productReference = 33F0B4282821A235004098AF /* 3DchemUITests.xctest */;
			productType = "com.apple.product-type.bundle.ui-testing";
		};
/* End PBXNativeTarget section */

/* Begin PBXProject section */
		33F0B4062821A230004098AF /* Project object */ = {
			isa = PBXProject;
			attributes = {
				BuildIndependentTargetsInParallel = 1;
				LastSwiftUpdateCheck = 1330;
				LastUpgradeCheck = 1330;
				TargetAttributes = {
					33F0B40D2821A230004098AF = {
						CreatedOnToolsVersion = 13.3.1;
					};
					33F0B41D2821A235004098AF = {
						CreatedOnToolsVersion = 13.3.1;
						TestTargetID = 33F0B40D2821A230004098AF;
					};
					33F0B4272821A235004098AF = {
						CreatedOnToolsVersion = 13.3.1;
						TestTargetID = 33F0B40D2821A230004098AF;
					};
				};
			};
			buildConfigurationList = 33F0B4092821A230004098AF /* Build configuration list for PBXProject "3Dchem" */;
			compatibilityVersion = "Xcode 13.0";
			developmentRegion = en;
			hasScannedForEncodings = 0;
			knownRegions = (
				en,
				Base,
			);
			mainGroup = 33F0B4052821A230004098AF;
			productRefGroup = 33F0B40F2821A231004098AF /* Products */;
			projectDirPath = "";
			projectRoot = "";
			targets = (
				33F0B40D2821A230004098AF /* 3Dchem */,
				33F0B41D2821A235004098AF /* 3DchemTests */,
				33F0B4272821A235004098AF /* 3DchemUITests */,
			);
		};
/* End PBXProject section */

/* Begin PBXResourcesBuildPhase section */
		33F0B40C2821A230004098AF /* Resources */ = {
			isa = PBXResourcesBuildPhase;
			buildActionMask = 2147483647;
			files = (
				33D492EF286A800200FC8CC1 /* atomicStructure.scn in Resources */,
				33F0B4192821A234004098AF /* Preview Assets.xcassets in Resources */,
				33D492E7286A7EC100FC8CC1 /* rutherford.scn in Resources */,
				33F0B4672824471C004098AF /* data.json in Resources */,
				33954E952863DB8100FFA854 /* dalton.scn in Resources */,
				33D492EB286A7F4D00FC8CC1 /* bohr.scn in Resources */,
				33D492E3286A7DD800FC8CC1 /* thomson.scn in Resources */,
				33F0B4162821A234004098AF /* Assets.xcassets in Resources */,
			);
			runOnlyForDeploymentPostprocessing = 0;
		};
		33F0B41C2821A235004098AF /* Resources */ = {
			isa = PBXResourcesBuildPhase;
			buildActionMask = 2147483647;
			files = (
			);
			runOnlyForDeploymentPostprocessing = 0;
		};
		33F0B4262821A235004098AF /* Resources */ = {
			isa = PBXResourcesBuildPhase;
			buildActionMask = 2147483647;
			files = (
			);
			runOnlyForDeploymentPostprocessing = 0;
		};
/* End PBXResourcesBuildPhase section */

/* Begin PBXSourcesBuildPhase section */
		33F0B40A2821A230004098AF /* Sources */ = {
			isa = PBXSourcesBuildPhase;
			buildActionMask = 2147483647;
			files = (
				33F0B4402821B30A004098AF /* Subject.swift in Sources */,
				333CB97028613794001606D0 /* ARViewContainer.swift in Sources */,
				33F0B43D2821A8C1004098AF /* TableViewRow.swift in Sources */,
				33F0B4432821BE66004098AF /* SubjectView.swift in Sources */,
				33F0B4142821A231004098AF /* TableView.swift in Sources */,
				33F0B4122821A231004098AF /* 3DchemApp.swift in Sources */,
				33388D5B2825AFEC009DF672 /* BackButton.swift in Sources */,
				33F0B46A28244DF9004098AF /* SubjectViewModel.swift in Sources */,
			);
			runOnlyForDeploymentPostprocessing = 0;
		};
		33F0B41A2821A235004098AF /* Sources */ = {
			isa = PBXSourcesBuildPhase;
			buildActionMask = 2147483647;
			files = (
				33F0B4232821A235004098AF /* 3DchemTests.swift in Sources */,
			);
			runOnlyForDeploymentPostprocessing = 0;
		};
		33F0B4242821A235004098AF /* Sources */ = {
			isa = PBXSourcesBuildPhase;
			buildActionMask = 2147483647;
			files = (
				33F0B42F2821A235004098AF /* 3DchemUITestsLaunchTests.swift in Sources */,
				33F0B42D2821A235004098AF /* 3DchemUITests.swift in Sources */,
			);
			runOnlyForDeploymentPostprocessing = 0;
		};
/* End PBXSourcesBuildPhase section */

/* Begin PBXTargetDependency section */
		33F0B4202821A235004098AF /* PBXTargetDependency */ = {
			isa = PBXTargetDependency;
			target = 33F0B40D2821A230004098AF /* 3Dchem */;
			targetProxy = 33F0B41F2821A235004098AF /* PBXContainerItemProxy */;
		};
		33F0B42A2821A235004098AF /* PBXTargetDependency */ = {
			isa = PBXTargetDependency;
			target = 33F0B40D2821A230004098AF /* 3Dchem */;
			targetProxy = 33F0B4292821A235004098AF /* PBXContainerItemProxy */;
		};
/* End PBXTargetDependency section */

/* Begin XCBuildConfiguration section */
		33F0B4302821A235004098AF /* Debug */ = {
			isa = XCBuildConfiguration;
			buildSettings = {
				ALWAYS_SEARCH_USER_PATHS = NO;
				CLANG_ANALYZER_NONNULL = YES;
				CLANG_ANALYZER_NUMBER_OBJECT_CONVERSION = YES_AGGRESSIVE;
				CLANG_CXX_LANGUAGE_STANDARD = "gnu++17";
				CLANG_ENABLE_MODULES = YES;
				CLANG_ENABLE_OBJC_ARC = YES;
				CLANG_ENABLE_OBJC_WEAK = YES;
				CLANG_WARN_BLOCK_CAPTURE_AUTORELEASING = YES;
				CLANG_WARN_BOOL_CONVERSION = YES;
				CLANG_WARN_COMMA = YES;
				CLANG_WARN_CONSTANT_CONVERSION = YES;
				CLANG_WARN_DEPRECATED_OBJC_IMPLEMENTATIONS = YES;
				CLANG_WARN_DIRECT_OBJC_ISA_USAGE = YES_ERROR;
				CLANG_WARN_DOCUMENTATION_COMMENTS = YES;
				CLANG_WARN_EMPTY_BODY = YES;
				CLANG_WARN_ENUM_CONVERSION = YES;
				CLANG_WARN_INFINITE_RECURSION = YES;
				CLANG_WARN_INT_CONVERSION = YES;
				CLANG_WARN_NON_LITERAL_NULL_CONVERSION = YES;
				CLANG_WARN_OBJC_IMPLICIT_RETAIN_SELF = YES;
				CLANG_WARN_OBJC_LITERAL_CONVERSION = YES;
				CLANG_WARN_OBJC_ROOT_CLASS = YES_ERROR;
				CLANG_WARN_QUOTED_INCLUDE_IN_FRAMEWORK_HEADER = YES;
				CLANG_WARN_RANGE_LOOP_ANALYSIS = YES;
				CLANG_WARN_STRICT_PROTOTYPES = YES;
				CLANG_WARN_SUSPICIOUS_MOVE = YES;
				CLANG_WARN_UNGUARDED_AVAILABILITY = YES_AGGRESSIVE;
				CLANG_WARN_UNREACHABLE_CODE = YES;
				CLANG_WARN__DUPLICATE_METHOD_MATCH = YES;
				COPY_PHASE_STRIP = NO;
				DEBUG_INFORMATION_FORMAT = dwarf;
				ENABLE_STRICT_OBJC_MSGSEND = YES;
				ENABLE_TESTABILITY = YES;
				GCC_C_LANGUAGE_STANDARD = gnu11;
				GCC_DYNAMIC_NO_PIC = NO;
				GCC_NO_COMMON_BLOCKS = YES;
				GCC_OPTIMIZATION_LEVEL = 0;
				GCC_PREPROCESSOR_DEFINITIONS = (
					"DEBUG=1",
					"$(inherited)",
				);
				GCC_WARN_64_TO_32_BIT_CONVERSION = YES;
				GCC_WARN_ABOUT_RETURN_TYPE = YES_ERROR;
				GCC_WARN_UNDECLARED_SELECTOR = YES;
				GCC_WARN_UNINITIALIZED_AUTOS = YES_AGGRESSIVE;
				GCC_WARN_UNUSED_FUNCTION = YES;
				GCC_WARN_UNUSED_VARIABLE = YES;
				IPHONEOS_DEPLOYMENT_TARGET = 15.4;
				MTL_ENABLE_DEBUG_INFO = INCLUDE_SOURCE;
				MTL_FAST_MATH = YES;
				ONLY_ACTIVE_ARCH = YES;
				SDKROOT = iphoneos;
				SWIFT_ACTIVE_COMPILATION_CONDITIONS = DEBUG;
				SWIFT_OPTIMIZATION_LEVEL = "-Onone";
			};
			name = Debug;
		};
		33F0B4312821A235004098AF /* Release */ = {
			isa = XCBuildConfiguration;
			buildSettings = {
				ALWAYS_SEARCH_USER_PATHS = NO;
				CLANG_ANALYZER_NONNULL = YES;
				CLANG_ANALYZER_NUMBER_OBJECT_CONVERSION = YES_AGGRESSIVE;
				CLANG_CXX_LANGUAGE_STANDARD = "gnu++17";
				CLANG_ENABLE_MODULES = YES;
				CLANG_ENABLE_OBJC_ARC = YES;
				CLANG_ENABLE_OBJC_WEAK = YES;
				CLANG_WARN_BLOCK_CAPTURE_AUTORELEASING = YES;
				CLANG_WARN_BOOL_CONVERSION = YES;
				CLANG_WARN_COMMA = YES;
				CLANG_WARN_CONSTANT_CONVERSION = YES;
				CLANG_WARN_DEPRECATED_OBJC_IMPLEMENTATIONS = YES;
				CLANG_WARN_DIRECT_OBJC_ISA_USAGE = YES_ERROR;
				CLANG_WARN_DOCUMENTATION_COMMENTS = YES;
				CLANG_WARN_EMPTY_BODY = YES;
				CLANG_WARN_ENUM_CONVERSION = YES;
				CLANG_WARN_INFINITE_RECURSION = YES;
				CLANG_WARN_INT_CONVERSION = YES;
				CLANG_WARN_NON_LITERAL_NULL_CONVERSION = YES;
				CLANG_WARN_OBJC_IMPLICIT_RETAIN_SELF = YES;
				CLANG_WARN_OBJC_LITERAL_CONVERSION = YES;
				CLANG_WARN_OBJC_ROOT_CLASS = YES_ERROR;
				CLANG_WARN_QUOTED_INCLUDE_IN_FRAMEWORK_HEADER = YES;
				CLANG_WARN_RANGE_LOOP_ANALYSIS = YES;
				CLANG_WARN_STRICT_PROTOTYPES = YES;
				CLANG_WARN_SUSPICIOUS_MOVE = YES;
				CLANG_WARN_UNGUARDED_AVAILABILITY = YES_AGGRESSIVE;
				CLANG_WARN_UNREACHABLE_CODE = YES;
				CLANG_WARN__DUPLICATE_METHOD_MATCH = YES;
				COPY_PHASE_STRIP = NO;
				DEBUG_INFORMATION_FORMAT = "dwarf-with-dsym";
				ENABLE_NS_ASSERTIONS = NO;
				ENABLE_STRICT_OBJC_MSGSEND = YES;
				GCC_C_LANGUAGE_STANDARD = gnu11;
				GCC_NO_COMMON_BLOCKS = YES;
				GCC_WARN_64_TO_32_BIT_CONVERSION = YES;
				GCC_WARN_ABOUT_RETURN_TYPE = YES_ERROR;
				GCC_WARN_UNDECLARED_SELECTOR = YES;
				GCC_WARN_UNINITIALIZED_AUTOS = YES_AGGRESSIVE;
				GCC_WARN_UNUSED_FUNCTION = YES;
				GCC_WARN_UNUSED_VARIABLE = YES;
				IPHONEOS_DEPLOYMENT_TARGET = 15.4;
				MTL_ENABLE_DEBUG_INFO = NO;
				MTL_FAST_MATH = YES;
				SDKROOT = iphoneos;
				SWIFT_COMPILATION_MODE = wholemodule;
				SWIFT_OPTIMIZATION_LEVEL = "-O";
				VALIDATE_PRODUCT = YES;
			};
			name = Release;
		};
		33F0B4332821A235004098AF /* Debug */ = {
			isa = XCBuildConfiguration;
			buildSettings = {
				ASSETCATALOG_COMPILER_APPICON_NAME = AppIcon;
				ASSETCATALOG_COMPILER_GLOBAL_ACCENT_COLOR_NAME = AccentColor;
				CODE_SIGN_STYLE = Automatic;
				CURRENT_PROJECT_VERSION = 1;
				DEVELOPMENT_ASSET_PATHS = "\"3Dchem/Preview Content\"";
				DEVELOPMENT_TEAM = 8WZ2N4SSYS;
				ENABLE_PREVIEWS = YES;
				GENERATE_INFOPLIST_FILE = YES;
				INFOPLIST_FILE = "3Dchem-Info.plist";
				INFOPLIST_KEY_NSCameraUsageDescription = "This app uses camera to present 3D models";
				INFOPLIST_KEY_UIApplicationSceneManifest_Generation = YES;
				INFOPLIST_KEY_UIApplicationSupportsIndirectInputEvents = YES;
				INFOPLIST_KEY_UILaunchScreen_Generation = YES;
				INFOPLIST_KEY_UIRequiredDeviceCapabilities = arkit;
				INFOPLIST_KEY_UISupportedInterfaceOrientations_iPad = "UIInterfaceOrientationPortrait UIInterfaceOrientationPortraitUpsideDown UIInterfaceOrientationLandscapeLeft UIInterfaceOrientationLandscapeRight";
				INFOPLIST_KEY_UISupportedInterfaceOrientations_iPhone = "UIInterfaceOrientationPortrait UIInterfaceOrientationLandscapeLeft UIInterfaceOrientationLandscapeRight";
				LD_RUNPATH_SEARCH_PATHS = (
					"$(inherited)",
					"@executable_path/Frameworks",
				);
				MARKETING_VERSION = 1.0;
				PRODUCT_BUNDLE_IDENTIFIER = "br.vieira.junior.-Dchem";
				PRODUCT_NAME = "$(TARGET_NAME)";
				SWIFT_EMIT_LOC_STRINGS = YES;
				SWIFT_VERSION = 5.0;
				TARGETED_DEVICE_FAMILY = "1,2";
			};
			name = Debug;
		};
		33F0B4342821A235004098AF /* Release */ = {
			isa = XCBuildConfiguration;
			buildSettings = {
				ASSETCATALOG_COMPILER_APPICON_NAME = AppIcon;
				ASSETCATALOG_COMPILER_GLOBAL_ACCENT_COLOR_NAME = AccentColor;
				CODE_SIGN_STYLE = Automatic;
				CURRENT_PROJECT_VERSION = 1;
				DEVELOPMENT_ASSET_PATHS = "\"3Dchem/Preview Content\"";
				DEVELOPMENT_TEAM = 8WZ2N4SSYS;
				ENABLE_PREVIEWS = YES;
				GENERATE_INFOPLIST_FILE = YES;
				INFOPLIST_FILE = "-Dchem-Info.plist";
				INFOPLIST_KEY_NSCameraUsageDescription = "This app uses camera to present 3D models";
				INFOPLIST_KEY_UIApplicationSceneManifest_Generation = YES;
				INFOPLIST_KEY_UIApplicationSupportsIndirectInputEvents = YES;
				INFOPLIST_KEY_UILaunchScreen_Generation = YES;
				INFOPLIST_KEY_UIRequiredDeviceCapabilities = arkit;
				INFOPLIST_KEY_UISupportedInterfaceOrientations_iPad = "UIInterfaceOrientationPortrait UIInterfaceOrientationPortraitUpsideDown UIInterfaceOrientationLandscapeLeft UIInterfaceOrientationLandscapeRight";
				INFOPLIST_KEY_UISupportedInterfaceOrientations_iPhone = "UIInterfaceOrientationPortrait UIInterfaceOrientationLandscapeLeft UIInterfaceOrientationLandscapeRight";
				LD_RUNPATH_SEARCH_PATHS = (
					"$(inherited)",
					"@executable_path/Frameworks",
				);
				MARKETING_VERSION = 1.0;
				PRODUCT_BUNDLE_IDENTIFIER = "br.vieira.junior.-Dchem";
				PRODUCT_NAME = "$(TARGET_NAME)";
				SWIFT_EMIT_LOC_STRINGS = YES;
				SWIFT_VERSION = 5.0;
				TARGETED_DEVICE_FAMILY = "1,2";
			};
			name = Release;
		};
		33F0B4362821A235004098AF /* Debug */ = {
			isa = XCBuildConfiguration;
			buildSettings = {
				ALWAYS_EMBED_SWIFT_STANDARD_LIBRARIES = YES;
				BUNDLE_LOADER = "$(TEST_HOST)";
				CODE_SIGN_STYLE = Automatic;
				CURRENT_PROJECT_VERSION = 1;
				DEVELOPMENT_TEAM = 8WZ2N4SSYS;
				GENERATE_INFOPLIST_FILE = YES;
				IPHONEOS_DEPLOYMENT_TARGET = 15.4;
				MARKETING_VERSION = 1.0;
				PRODUCT_BUNDLE_IDENTIFIER = "br.vieira.junior.-DchemTests";
				PRODUCT_NAME = "$(TARGET_NAME)";
				SWIFT_EMIT_LOC_STRINGS = NO;
				SWIFT_VERSION = 5.0;
				TARGETED_DEVICE_FAMILY = "1,2";
				TEST_HOST = "$(BUILT_PRODUCTS_DIR)/3Dchem.app/3Dchem";
			};
			name = Debug;
		};
		33F0B4372821A235004098AF /* Release */ = {
			isa = XCBuildConfiguration;
			buildSettings = {
				ALWAYS_EMBED_SWIFT_STANDARD_LIBRARIES = YES;
				BUNDLE_LOADER = "$(TEST_HOST)";
				CODE_SIGN_STYLE = Automatic;
				CURRENT_PROJECT_VERSION = 1;
				DEVELOPMENT_TEAM = 8WZ2N4SSYS;
				GENERATE_INFOPLIST_FILE = YES;
				IPHONEOS_DEPLOYMENT_TARGET = 15.4;
				MARKETING_VERSION = 1.0;
				PRODUCT_BUNDLE_IDENTIFIER = "br.vieira.junior.-DchemTests";
				PRODUCT_NAME = "$(TARGET_NAME)";
				SWIFT_EMIT_LOC_STRINGS = NO;
				SWIFT_VERSION = 5.0;
				TARGETED_DEVICE_FAMILY = "1,2";
				TEST_HOST = "$(BUILT_PRODUCTS_DIR)/3Dchem.app/3Dchem";
			};
			name = Release;
		};
		33F0B4392821A235004098AF /* Debug */ = {
			isa = XCBuildConfiguration;
			buildSettings = {
				ALWAYS_EMBED_SWIFT_STANDARD_LIBRARIES = YES;
				CODE_SIGN_STYLE = Automatic;
				CURRENT_PROJECT_VERSION = 1;
				DEVELOPMENT_TEAM = 8WZ2N4SSYS;
				GENERATE_INFOPLIST_FILE = YES;
				MARKETING_VERSION = 1.0;
				PRODUCT_BUNDLE_IDENTIFIER = "br.vieira.junior.-DchemUITests";
				PRODUCT_NAME = "$(TARGET_NAME)";
				SWIFT_EMIT_LOC_STRINGS = NO;
				SWIFT_VERSION = 5.0;
				TARGETED_DEVICE_FAMILY = "1,2";
				TEST_TARGET_NAME = 3Dchem;
			};
			name = Debug;
		};
		33F0B43A2821A235004098AF /* Release */ = {
			isa = XCBuildConfiguration;
			buildSettings = {
				ALWAYS_EMBED_SWIFT_STANDARD_LIBRARIES = YES;
				CODE_SIGN_STYLE = Automatic;
				CURRENT_PROJECT_VERSION = 1;
				DEVELOPMENT_TEAM = 8WZ2N4SSYS;
				GENERATE_INFOPLIST_FILE = YES;
				MARKETING_VERSION = 1.0;
				PRODUCT_BUNDLE_IDENTIFIER = "br.vieira.junior.-DchemUITests";
				PRODUCT_NAME = "$(TARGET_NAME)";
				SWIFT_EMIT_LOC_STRINGS = NO;
				SWIFT_VERSION = 5.0;
				TARGETED_DEVICE_FAMILY = "1,2";
				TEST_TARGET_NAME = 3Dchem;
			};
			name = Release;
		};
/* End XCBuildConfiguration section */

/* Begin XCConfigurationList section */
		33F0B4092821A230004098AF /* Build configuration list for PBXProject "3Dchem" */ = {
			isa = XCConfigurationList;
			buildConfigurations = (
				33F0B4302821A235004098AF /* Debug */,
				33F0B4312821A235004098AF /* Release */,
			);
			defaultConfigurationIsVisible = 0;
			defaultConfigurationName = Release;
		};
		33F0B4322821A235004098AF /* Build configuration list for PBXNativeTarget "3Dchem" */ = {
			isa = XCConfigurationList;
			buildConfigurations = (
				33F0B4332821A235004098AF /* Debug */,
				33F0B4342821A235004098AF /* Release */,
			);
			defaultConfigurationIsVisible = 0;
			defaultConfigurationName = Release;
		};
		33F0B4352821A235004098AF /* Build configuration list for PBXNativeTarget "3DchemTests" */ = {
			isa = XCConfigurationList;
			buildConfigurations = (
				33F0B4362821A235004098AF /* Debug */,
				33F0B4372821A235004098AF /* Release */,
			);
			defaultConfigurationIsVisible = 0;
			defaultConfigurationName = Release;
		};
		33F0B4382821A235004098AF /* Build configuration list for PBXNativeTarget "3DchemUITests" */ = {
			isa = XCConfigurationList;
			buildConfigurations = (
				33F0B4392821A235004098AF /* Debug */,
				33F0B43A2821A235004098AF /* Release */,
			);
			defaultConfigurationIsVisible = 0;
			defaultConfigurationName = Release;
		};
/* End XCConfigurationList section */
	};
	rootObject = 33F0B4062821A230004098AF /* Project object */;
}
